dependencies:
- name: nginx-ingress
  repository: https://kubernetes-charts.storage.googleapis.com
  version: 0.25.1
- name: minio
  repository: https://kubernetes-charts.storage.googleapis.com
  version: 1.8.1
- name: docker-registry
  repository: https://kubernetes-charts.storage.googleapis.com
  version: 1.5.3
digest: sha256:2e9f1476246db05d65eba40e41b52756480e2a37902a3bdfe31a0f612538b9f0
generated: 2018-10-17T14:00:36.892398051-07:00
