dependencies:
- name: nginx-ingress
  repository: https://kubernetes-charts.storage.googleapis.com
  version: 0.25.1
- name: nfs-server-provisioner
  repository: https://kubernetes-charts.storage.googleapis.com
  version: 0.1.5
digest: sha256:6f2afc46ff05ba09f6ec932418202741c7ae58d84ff51c878bbff7ed0194f36f
generated: 2018-09-12T12:51:11.604906619-07:00
