dependencies:
- name: nginx-ingress
  repository: https://kubernetes-charts.storage.googleapis.com
  version: 0.25.1
- name: minio
  repository: https://kubernetes-charts.storage.googleapis.com
  version: 1.8.1
digest: sha256:a96fd3d32b7c80a39f34d84ce2229974b7dbf7df10da5e390f5bee1ba08192ff
generated: 2018-10-09T14:11:46.259526007-07:00
