{
  "requires": true,
  "lockfileVersion": 1,
  "dependencies": {
    "@clr/icons": {
      "version": "0.11.6",
      "resolved": "https://registry.npmjs.org/@clr/icons/-/icons-0.11.6.tgz",
      "integrity": "sha1-N+YKlxJZUo2OJmqrJu0vMTX5gp4="
    },
    "@clr/ui": {
      "version": "0.11.6",
      "resolved": "https://registry.npmjs.org/@clr/ui/-/ui-0.11.6.tgz",
      "integrity": "sha1-/Z4aya2U6ydXFCxLed2nNOZKha8="
    },
    "@webcomponents/custom-elements": {
      "version": "1.0.8",
      "resolved": "https://registry.npmjs.org/@webcomponents/custom-elements/-/custom-elements-1.0.8.tgz",
      "integrity": "sha512-BPJillR1En1rsbQY3sdHL8o67fRjFqVrbusL395ei4Y5miZEGyQOsVAH9rZR5Vbutkt4lSepdfJFiTl5f6/Lkw=="
    },
    "bootstrap": {
      "version": "4.0.0-alpha.5",
      "resolved": "https://registry.npmjs.org/bootstrap/-/bootstrap-4.0.0-alpha.5.tgz",
      "integrity": "sha1-oSa2SMO9L1K4+tS7xeLQrSq/cGQ=",
      "requires": {
        "jquery": "3.3.1",
        "tether": "1.4.3"
      }
    },
    "jquery": {
      "version": "3.3.1",
      "resolved": "https://registry.npmjs.org/jquery/-/jquery-3.3.1.tgz",
      "integrity": "sha512-Ubldcmxp5np52/ENotGxlLe6aGMvmF4R8S6tZjsP6Knsaxd/xp3Zrh50cG93lR6nPXyUFwzN3ZSOQI0wRJNdGg=="
    },
    "tether": {
      "version": "1.4.3",
      "resolved": "https://registry.npmjs.org/tether/-/tether-1.4.3.tgz",
      "integrity": "sha512-YCfE/Ym9MpZpzUmzbek7MiLEyTofxx2YS0rJfSOUXX0aZtfQgxcgw7/Re2oGJUsREWZtEF0DzBKCjqH+DzgL6A=="
    }
  }
}
